
Microsoft Visual Studio Solution File, Format Version 11.00
# Visual Studio 2010
Project("{FAE04EC0-301F-11D3-BF4B-00C04F79EFBC}") = "TCLibrary", "TCLibrary\TCLibrary.csproj", "{70C0DCE4-3F2C-4AAE-852F-CC754A32BF41}"
EndProject
Project("{FAE04EC0-301F-11D3-BF4B-00C04F79EFBC}") = "WCFServicesInWeb", "WCFServicesInWeb\WCFServicesInWeb.csproj", "{8E4DB0A8-F2EC-49F2-97E0-89279F868DFC}"
EndProject
Global
	GlobalSection(SolutionConfigurationPlatforms) = preSolution
		Debug|Any CPU = Debug|Any CPU
		Release|Any CPU = Release|Any CPU
	EndGlobalSection
	GlobalSection(ProjectConfigurationPlatforms) = postSolution
		{70C0DCE4-3F2C-4AAE-852F-CC754A32BF41}.Debug|Any CPU.ActiveCfg = Debug|Any CPU
		{70C0DCE4-3F2C-4AAE-852F-CC754A32BF41}.Debug|Any CPU.Build.0 = Debug|Any CPU
		{70C0DCE4-3F2C-4AAE-852F-CC754A32BF41}.Release|Any CPU.ActiveCfg = Release|Any CPU
		{70C0DCE4-3F2C-4AAE-852F-CC754A32BF41}.Release|Any CPU.Build.0 = Release|Any CPU
		{8E4DB0A8-F2EC-49F2-97E0-89279F868DFC}.Debug|Any CPU.ActiveCfg = Debug|Any CPU
		{8E4DB0A8-F2EC-49F2-97E0-89279F868DFC}.Debug|Any CPU.Build.0 = Debug|Any CPU
		{8E4DB0A8-F2EC-49F2-97E0-89279F868DFC}.Release|Any CPU.ActiveCfg = Release|Any CPU
		{8E4DB0A8-F2EC-49F2-97E0-89279F868DFC}.Release|Any CPU.Build.0 = Release|Any CPU
	EndGlobalSection
	GlobalSection(SolutionProperties) = preSolution
		HideSolutionNode = FALSE
	EndGlobalSection
EndGlobal
